
Microsoft Visual Studio Solution File, Format Version 12.00
# Visual Studio 15
VisualStudioVersion = 15.0.28307.1000
MinimumVisualStudioVersion = 10.0.40219.1
Project("{888888A0-9F3D-457C-B088-3A5042F75D52}") = "QM-T", "QM-T.pyproj", "{FDEC6249-C478-425F-8B8F-EF349F5D3650}"
EndProject
Global
	GlobalSection(SolutionConfigurationPlatforms) = preSolution
		Debug|Any CPU = Debug|Any CPU
		Release|Any CPU = Release|Any CPU
	EndGlobalSection
	GlobalSection(ProjectConfigurationPlatforms) = postSolution
		{FDEC6249-C478-425F-8B8F-EF349F5D3650}.Debug|Any CPU.ActiveCfg = Debug|Any CPU
		{FDEC6249-C478-425F-8B8F-EF349F5D3650}.Release|Any CPU.ActiveCfg = Release|Any CPU
	EndGlobalSection
	GlobalSection(SolutionProperties) = preSolution
		HideSolutionNode = FALSE
	EndGlobalSection
	GlobalSection(ExtensibilityGlobals) = postSolution
		SolutionGuid = {EA2AD36F-505A-4710-9036-3B6F2432BD08}
	EndGlobalSection
EndGlobal
